
Microsoft Visual Studio Solution File, Format Version 12.00
# Visual Studio 15
Project("{FAE04EC0-301F-11D3-BF4B-00C04F79EFBC}") = "SimpleWebTransport", "SimpleWebTransport.csproj", "{714BB974-907D-44E1-4B7B-EA7EF1963CCF}"
EndProject
Project("{FAE04EC0-301F-11D3-BF4B-00C04F79EFBC}") = "Mirror.Examples", "Mirror.Examples.csproj", "{5680A230-F82A-9399-0F37-4260D0B17617}"
EndProject
Project("{FAE04EC0-301F-11D3-BF4B-00C04F79EFBC}") = "Mirror", "Mirror.csproj", "{278A25FD-6F09-B94B-4CD0-11A60D474155}"
EndProject
Project("{FAE04EC0-301F-11D3-BF4B-00C04F79EFBC}") = "CW.Common", "CW.Common.csproj", "{E998EC1F-DCE9-B4DD-7D20-F781DE584F82}"
EndProject
Project("{FAE04EC0-301F-11D3-BF4B-00C04F79EFBC}") = "Mirror.Components", "Mirror.Components.csproj", "{593C4052-4283-C94F-1D45-82FCD15F6EC4}"
EndProject
Project("{FAE04EC0-301F-11D3-BF4B-00C04F79EFBC}") = "Mirror.Transports", "Mirror.Transports.csproj", "{536965FD-06D1-D225-3588-1B7C7EE8F40E}"
EndProject
Project("{FAE04EC0-301F-11D3-BF4B-00C04F79EFBC}") = "LeanTouch", "LeanTouch.csproj", "{C3D7F173-2C3C-5C9B-BD5B-97C2DD82C8E7}"
EndProject
Project("{FAE04EC0-301F-11D3-BF4B-00C04F79EFBC}") = "Telepathy", "Telepathy.csproj", "{AEB57285-56F8-B872-3AEA-7FADEC2CFFB1}"
EndProject
Project("{FAE04EC0-301F-11D3-BF4B-00C04F79EFBC}") = "kcp2k", "kcp2k.csproj", "{F29E22F0-EC93-2CCD-4D31-59BAF05054DC}"
EndProject
Project("{FAE04EC0-301F-11D3-BF4B-00C04F79EFBC}") = "LeanCommon", "LeanCommon.csproj", "{2DBEF963-3D75-1FCE-1A1C-B27D5A0EDA10}"
EndProject
Project("{FAE04EC0-301F-11D3-BF4B-00C04F79EFBC}") = "MultiplexTransport", "MultiplexTransport.csproj", "{A77D210C-5876-29C3-7A83-728867607CE4}"
EndProject
Project("{FAE04EC0-301F-11D3-BF4B-00C04F79EFBC}") = "MiddlewareTransport", "MiddlewareTransport.csproj", "{BAFBDFB7-D494-E154-A9FA-EFDA1E7612D5}"
EndProject
Project("{FAE04EC0-301F-11D3-BF4B-00C04F79EFBC}") = "Assembly-CSharp", "Assembly-CSharp.csproj", "{D634433D-52AF-FF2E-FABD-87D8BEC959BB}"
EndProject
Project("{FAE04EC0-301F-11D3-BF4B-00C04F79EFBC}") = "Mirror.Authenticators", "Mirror.Authenticators.csproj", "{5A9E3EA7-9A3E-9775-A211-617BC927E16E}"
EndProject
Project("{FAE04EC0-301F-11D3-BF4B-00C04F79EFBC}") = "Unity.Mirror.CodeGen", "Unity.Mirror.CodeGen.csproj", "{460341BE-BF3C-E87B-C9D7-3C8988A71648}"
EndProject
Project("{FAE04EC0-301F-11D3-BF4B-00C04F79EFBC}") = "ParrelSync", "ParrelSync.csproj", "{15C8D15F-6023-47CC-710C-31E0BE706642}"
EndProject
Project("{FAE04EC0-301F-11D3-BF4B-00C04F79EFBC}") = "Mirror.Editor", "Mirror.Editor.csproj", "{DA1D0E2D-3DDB-F045-AA26-CDEA228608B7}"
EndProject
Project("{FAE04EC0-301F-11D3-BF4B-00C04F79EFBC}") = "Mirror.CompilerSymbols", "Mirror.CompilerSymbols.csproj", "{2B2CB635-89FF-C3A7-4155-502654E8DD31}"
EndProject
Global
	GlobalSection(SolutionConfigurationPlatforms) = preSolution
		Debug|Any CPU = Debug|Any CPU
		Release|Any CPU = Release|Any CPU
	EndGlobalSection
	GlobalSection(ProjectConfigurationPlatforms) = postSolution
		{714BB974-907D-44E1-4B7B-EA7EF1963CCF}.Debug|Any CPU.ActiveCfg = Debug|Any CPU
		{714BB974-907D-44E1-4B7B-EA7EF1963CCF}.Debug|Any CPU.Build.0 = Debug|Any CPU
		{714BB974-907D-44E1-4B7B-EA7EF1963CCF}.Release|Any CPU.ActiveCfg = Release|Any CPU
		{714BB974-907D-44E1-4B7B-EA7EF1963CCF}.Release|Any CPU.Build.0 = Release|Any CPU
		{5680A230-F82A-9399-0F37-4260D0B17617}.Debug|Any CPU.ActiveCfg = Debug|Any CPU
		{5680A230-F82A-9399-0F37-4260D0B17617}.Debug|Any CPU.Build.0 = Debug|Any CPU
		{5680A230-F82A-9399-0F37-4260D0B17617}.Release|Any CPU.ActiveCfg = Release|Any CPU
		{5680A230-F82A-9399-0F37-4260D0B17617}.Release|Any CPU.Build.0 = Release|Any CPU
		{278A25FD-6F09-B94B-4CD0-11A60D474155}.Debug|Any CPU.ActiveCfg = Debug|Any CPU
		{278A25FD-6F09-B94B-4CD0-11A60D474155}.Debug|Any CPU.Build.0 = Debug|Any CPU
		{278A25FD-6F09-B94B-4CD0-11A60D474155}.Release|Any CPU.ActiveCfg = Release|Any CPU
		{278A25FD-6F09-B94B-4CD0-11A60D474155}.Release|Any CPU.Build.0 = Release|Any CPU
		{E998EC1F-DCE9-B4DD-7D20-F781DE584F82}.Debug|Any CPU.ActiveCfg = Debug|Any CPU
		{E998EC1F-DCE9-B4DD-7D20-F781DE584F82}.Debug|Any CPU.Build.0 = Debug|Any CPU
		{E998EC1F-DCE9-B4DD-7D20-F781DE584F82}.Release|Any CPU.ActiveCfg = Release|Any CPU
		{E998EC1F-DCE9-B4DD-7D20-F781DE584F82}.Release|Any CPU.Build.0 = Release|Any CPU
		{593C4052-4283-C94F-1D45-82FCD15F6EC4}.Debug|Any CPU.ActiveCfg = Debug|Any CPU
		{593C4052-4283-C94F-1D45-82FCD15F6EC4}.Debug|Any CPU.Build.0 = Debug|Any CPU
		{593C4052-4283-C94F-1D45-82FCD15F6EC4}.Release|Any CPU.ActiveCfg = Release|Any CPU
		{593C4052-4283-C94F-1D45-82FCD15F6EC4}.Release|Any CPU.Build.0 = Release|Any CPU
		{536965FD-06D1-D225-3588-1B7C7EE8F40E}.Debug|Any CPU.ActiveCfg = Debug|Any CPU
		{536965FD-06D1-D225-3588-1B7C7EE8F40E}.Debug|Any CPU.Build.0 = Debug|Any CPU
		{536965FD-06D1-D225-3588-1B7C7EE8F40E}.Release|Any CPU.ActiveCfg = Release|Any CPU
		{536965FD-06D1-D225-3588-1B7C7EE8F40E}.Release|Any CPU.Build.0 = Release|Any CPU
		{C3D7F173-2C3C-5C9B-BD5B-97C2DD82C8E7}.Debug|Any CPU.ActiveCfg = Debug|Any CPU
		{C3D7F173-2C3C-5C9B-BD5B-97C2DD82C8E7}.Debug|Any CPU.Build.0 = Debug|Any CPU
		{C3D7F173-2C3C-5C9B-BD5B-97C2DD82C8E7}.Release|Any CPU.ActiveCfg = Release|Any CPU
		{C3D7F173-2C3C-5C9B-BD5B-97C2DD82C8E7}.Release|Any CPU.Build.0 = Release|Any CPU
		{AEB57285-56F8-B872-3AEA-7FADEC2CFFB1}.Debug|Any CPU.ActiveCfg = Debug|Any CPU
		{AEB57285-56F8-B872-3AEA-7FADEC2CFFB1}.Debug|Any CPU.Build.0 = Debug|Any CPU
		{AEB57285-56F8-B872-3AEA-7FADEC2CFFB1}.Release|Any CPU.ActiveCfg = Release|Any CPU
		{AEB57285-56F8-B872-3AEA-7FADEC2CFFB1}.Release|Any CPU.Build.0 = Release|Any CPU
		{F29E22F0-EC93-2CCD-4D31-59BAF05054DC}.Debug|Any CPU.ActiveCfg = Debug|Any CPU
		{F29E22F0-EC93-2CCD-4D31-59BAF05054DC}.Debug|Any CPU.Build.0 = Debug|Any CPU
		{F29E22F0-EC93-2CCD-4D31-59BAF05054DC}.Release|Any CPU.ActiveCfg = Release|Any CPU
		{F29E22F0-EC93-2CCD-4D31-59BAF05054DC}.Release|Any CPU.Build.0 = Release|Any CPU
		{2DBEF963-3D75-1FCE-1A1C-B27D5A0EDA10}.Debug|Any CPU.ActiveCfg = Debug|Any CPU
		{2DBEF963-3D75-1FCE-1A1C-B27D5A0EDA10}.Debug|Any CPU.Build.0 = Debug|Any CPU
		{2DBEF963-3D75-1FCE-1A1C-B27D5A0EDA10}.Release|Any CPU.ActiveCfg = Release|Any CPU
		{2DBEF963-3D75-1FCE-1A1C-B27D5A0EDA10}.Release|Any CPU.Build.0 = Release|Any CPU
		{A77D210C-5876-29C3-7A83-728867607CE4}.Debug|Any CPU.ActiveCfg = Debug|Any CPU
		{A77D210C-5876-29C3-7A83-728867607CE4}.Debug|Any CPU.Build.0 = Debug|Any CPU
		{A77D210C-5876-29C3-7A83-728867607CE4}.Release|Any CPU.ActiveCfg = Release|Any CPU
		{A77D210C-5876-29C3-7A83-728867607CE4}.Release|Any CPU.Build.0 = Release|Any CPU
		{BAFBDFB7-D494-E154-A9FA-EFDA1E7612D5}.Debug|Any CPU.ActiveCfg = Debug|Any CPU
		{BAFBDFB7-D494-E154-A9FA-EFDA1E7612D5}.Debug|Any CPU.Build.0 = Debug|Any CPU
		{BAFBDFB7-D494-E154-A9FA-EFDA1E7612D5}.Release|Any CPU.ActiveCfg = Release|Any CPU
		{BAFBDFB7-D494-E154-A9FA-EFDA1E7612D5}.Release|Any CPU.Build.0 = Release|Any CPU
		{D634433D-52AF-FF2E-FABD-87D8BEC959BB}.Debug|Any CPU.ActiveCfg = Debug|Any CPU
		{D634433D-52AF-FF2E-FABD-87D8BEC959BB}.Debug|Any CPU.Build.0 = Debug|Any CPU
		{D634433D-52AF-FF2E-FABD-87D8BEC959BB}.Release|Any CPU.ActiveCfg = Release|Any CPU
		{D634433D-52AF-FF2E-FABD-87D8BEC959BB}.Release|Any CPU.Build.0 = Release|Any CPU
		{5A9E3EA7-9A3E-9775-A211-617BC927E16E}.Debug|Any CPU.ActiveCfg = Debug|Any CPU
		{5A9E3EA7-9A3E-9775-A211-617BC927E16E}.Debug|Any CPU.Build.0 = Debug|Any CPU
		{5A9E3EA7-9A3E-9775-A211-617BC927E16E}.Release|Any CPU.ActiveCfg = Release|Any CPU
		{5A9E3EA7-9A3E-9775-A211-617BC927E16E}.Release|Any CPU.Build.0 = Release|Any CPU
		{460341BE-BF3C-E87B-C9D7-3C8988A71648}.Debug|Any CPU.ActiveCfg = Debug|Any CPU
		{460341BE-BF3C-E87B-C9D7-3C8988A71648}.Debug|Any CPU.Build.0 = Debug|Any CPU
		{460341BE-BF3C-E87B-C9D7-3C8988A71648}.Release|Any CPU.ActiveCfg = Release|Any CPU
		{460341BE-BF3C-E87B-C9D7-3C8988A71648}.Release|Any CPU.Build.0 = Release|Any CPU
		{15C8D15F-6023-47CC-710C-31E0BE706642}.Debug|Any CPU.ActiveCfg = Debug|Any CPU
		{15C8D15F-6023-47CC-710C-31E0BE706642}.Debug|Any CPU.Build.0 = Debug|Any CPU
		{15C8D15F-6023-47CC-710C-31E0BE706642}.Release|Any CPU.ActiveCfg = Release|Any CPU
		{15C8D15F-6023-47CC-710C-31E0BE706642}.Release|Any CPU.Build.0 = Release|Any CPU
		{DA1D0E2D-3DDB-F045-AA26-CDEA228608B7}.Debug|Any CPU.ActiveCfg = Debug|Any CPU
		{DA1D0E2D-3DDB-F045-AA26-CDEA228608B7}.Debug|Any CPU.Build.0 = Debug|Any CPU
		{DA1D0E2D-3DDB-F045-AA26-CDEA228608B7}.Release|Any CPU.ActiveCfg = Release|Any CPU
		{DA1D0E2D-3DDB-F045-AA26-CDEA228608B7}.Release|Any CPU.Build.0 = Release|Any CPU
		{2B2CB635-89FF-C3A7-4155-502654E8DD31}.Debug|Any CPU.ActiveCfg = Debug|Any CPU
		{2B2CB635-89FF-C3A7-4155-502654E8DD31}.Debug|Any CPU.Build.0 = Debug|Any CPU
		{2B2CB635-89FF-C3A7-4155-502654E8DD31}.Release|Any CPU.ActiveCfg = Release|Any CPU
		{2B2CB635-89FF-C3A7-4155-502654E8DD31}.Release|Any CPU.Build.0 = Release|Any CPU
	EndGlobalSection
	GlobalSection(SolutionProperties) = preSolution
		HideSolutionNode = FALSE
	EndGlobalSection
EndGlobal
